
Microsoft Visual Studio Solution File, Format Version 12.00
# Visual Studio Version 17
VisualStudioVersion = 17.14.36301.6 d17.14
MinimumVisualStudioVersion = 10.0.40219.1
Project("{FAE04EC0-301F-11D3-BF4B-00C04F79EFBC}") = "C#05", "C#05\C#05.csproj", "{3766F8E4-48A5-4057-89CB-5E479D34090A}"
EndProject
Global
	GlobalSection(SolutionConfigurationPlatforms) = preSolution
		Debug|Any CPU = Debug|Any CPU
		Release|Any CPU = Release|Any CPU
	EndGlobalSection
	GlobalSection(ProjectConfigurationPlatforms) = postSolution
		{3766F8E4-48A5-4057-89CB-5E479D34090A}.Debug|Any CPU.ActiveCfg = Debug|Any CPU
		{3766F8E4-48A5-4057-89CB-5E479D34090A}.Debug|Any CPU.Build.0 = Debug|Any CPU
		{3766F8E4-48A5-4057-89CB-5E479D34090A}.Release|Any CPU.ActiveCfg = Release|Any CPU
		{3766F8E4-48A5-4057-89CB-5E479D34090A}.Release|Any CPU.Build.0 = Release|Any CPU
	EndGlobalSection
	GlobalSection(SolutionProperties) = preSolution
		HideSolutionNode = FALSE
	EndGlobalSection
	GlobalSection(ExtensibilityGlobals) = postSolution
		SolutionGuid = {002F2FC1-6384-45CA-9AF8-CEAB448CB54A}
	EndGlobalSection
EndGlobal
